
Microsoft Visual Studio Solution File, Format Version 12.00
# Visual Studio Version 16
VisualStudioVersion = 16.0.30114.105
MinimumVisualStudioVersion = 10.0.40219.1
Project("{FAE04EC0-301F-11D3-BF4B-00C04F79EFBC}") = "Vina_TimeSyncClient", "Vina_TimeSyncClient\Vina_TimeSyncClient.csproj", "{E43819C4-7F54-408A-B097-794CBD245BAD}"
EndProject
Project("{FAE04EC0-301F-11D3-BF4B-00C04F79EFBC}") = "Vina_TimeSyncServer", "Vina_TimeSyncServer\Vina_TimeSyncServer.csproj", "{A4E0CA53-9DCD-453F-83CD-3F7AB0F25807}"
EndProject
Global
	GlobalSection(SolutionConfigurationPlatforms) = preSolution
		Debug|Any CPU = Debug|Any CPU
		Release|Any CPU = Release|Any CPU
	EndGlobalSection
	GlobalSection(ProjectConfigurationPlatforms) = postSolution
		{E43819C4-7F54-408A-B097-794CBD245BAD}.Debug|Any CPU.ActiveCfg = Debug|Any CPU
		{E43819C4-7F54-408A-B097-794CBD245BAD}.Debug|Any CPU.Build.0 = Debug|Any CPU
		{E43819C4-7F54-408A-B097-794CBD245BAD}.Release|Any CPU.ActiveCfg = Release|Any CPU
		{E43819C4-7F54-408A-B097-794CBD245BAD}.Release|Any CPU.Build.0 = Release|Any CPU
		{A4E0CA53-9DCD-453F-83CD-3F7AB0F25807}.Debug|Any CPU.ActiveCfg = Debug|Any CPU
		{A4E0CA53-9DCD-453F-83CD-3F7AB0F25807}.Debug|Any CPU.Build.0 = Debug|Any CPU
		{A4E0CA53-9DCD-453F-83CD-3F7AB0F25807}.Release|Any CPU.ActiveCfg = Release|Any CPU
		{A4E0CA53-9DCD-453F-83CD-3F7AB0F25807}.Release|Any CPU.Build.0 = Release|Any CPU
	EndGlobalSection
	GlobalSection(SolutionProperties) = preSolution
		HideSolutionNode = FALSE
	EndGlobalSection
	GlobalSection(ExtensibilityGlobals) = postSolution
		SolutionGuid = {6433BD9B-8AB9-4772-BC1B-9C06B796AC4F}
	EndGlobalSection
EndGlobal
